
Microsoft Visual Studio Solution File, Format Version 12.00
# Visual Studio 15
VisualStudioVersion = 15.0.26206.0
MinimumVisualStudioVersion = 10.0.40219.1
Project("{FAE04EC0-301F-11D3-BF4B-00C04F79EFBC}") = "DotNetLive.AccountApi", "DotNetLive.AccountApi\DotNetLive.AccountApi.csproj", "{A5266142-EC59-43EF-A4A1-E5C8BBDD84BF}"
EndProject
Project("{FAE04EC0-301F-11D3-BF4B-00C04F79EFBC}") = "DotNetLive.Account.Services", "DotNetLive.Account.Services\DotNetLive.Account.Services.csproj", "{204E886B-B63A-4678-B5CF-643CD2866FE0}"
EndProject
Project("{FAE04EC0-301F-11D3-BF4B-00C04F79EFBC}") = "DotNetLive.Account.Entities", "DotNetLive.Account.Entities\DotNetLive.Account.Entities.csproj", "{9AB91101-283D-4726-9D1D-6A47C0EC5899}"
EndProject
Project("{FAE04EC0-301F-11D3-BF4B-00C04F79EFBC}") = "DotNetLive.AccountApi.UnitTests", "DotNetLive.AccountApi.UnitTests\DotNetLive.AccountApi.UnitTests.csproj", "{CA2F260E-9863-441D-A92B-7DD1A76A24C2}"
EndProject
Project("{FAE04EC0-301F-11D3-BF4B-00C04F79EFBC}") = "DotNetLive.AccountApi.IntegrationTests", "DotNetLive.AccountApi.IntegrationTests\DotNetLive.AccountApi.IntegrationTests.csproj", "{6FCF364B-053E-4EF8-ACA8-378FBAF98F4D}"
EndProject
Project("{2150E333-8FDC-42A3-9474-1A3956D46DE8}") = "Tests", "Tests", "{78A0CA8F-9FD0-406A-9491-CCE77E5A4DC0}"
EndProject
Project("{9A19103F-16F7-4668-BE54-9A1E7A4F7556}") = "DotNetLive.Framework", "..\..\..\dotnetlive.framework\src\DotNetLive.Framework\DotNetLive.Framework.csproj", "{70D27DB4-C14E-48DE-96EC-87B933AEE8EB}"
EndProject
Project("{9A19103F-16F7-4668-BE54-9A1E7A4F7556}") = "DotNetLive.Framework.WebApi", "..\..\..\dotnetlive.framework\src\DotNetLive.Framework.WebApi\DotNetLive.Framework.WebApi.csproj", "{D78A4A7E-D27E-46A1-84FD-32DF74084D7A}"
EndProject
Project("{9A19103F-16F7-4668-BE54-9A1E7A4F7556}") = "DotNetLive.Framework.Web", "..\..\..\dotnetlive.framework\src\DotNetLive.Framework.Web\DotNetLive.Framework.Web.csproj", "{F6F68CB3-D713-4550-9FC6-2FD04ABBE057}"
EndProject
Project("{9A19103F-16F7-4668-BE54-9A1E7A4F7556}") = "DotNetLive.Framework.Data", "..\..\..\dotnetlive.framework\src\DotNetLive.Framework.Data\DotNetLive.Framework.Data.csproj", "{A647E114-7CC6-4EF4-8A9D-85977BBECBB4}"
EndProject
Global
	GlobalSection(SolutionConfigurationPlatforms) = preSolution
		Debug|Any CPU = Debug|Any CPU
		Debug|x64 = Debug|x64
		Debug|x86 = Debug|x86
		Release|Any CPU = Release|Any CPU
		Release|x64 = Release|x64
		Release|x86 = Release|x86
	EndGlobalSection
	GlobalSection(ProjectConfigurationPlatforms) = postSolution
		{A5266142-EC59-43EF-A4A1-E5C8BBDD84BF}.Debug|Any CPU.ActiveCfg = Debug|Any CPU
		{A5266142-EC59-43EF-A4A1-E5C8BBDD84BF}.Debug|Any CPU.Build.0 = Debug|Any CPU
		{A5266142-EC59-43EF-A4A1-E5C8BBDD84BF}.Debug|x64.ActiveCfg = Debug|x64
		{A5266142-EC59-43EF-A4A1-E5C8BBDD84BF}.Debug|x64.Build.0 = Debug|x64
		{A5266142-EC59-43EF-A4A1-E5C8BBDD84BF}.Debug|x86.ActiveCfg = Debug|x86
		{A5266142-EC59-43EF-A4A1-E5C8BBDD84BF}.Debug|x86.Build.0 = Debug|x86
		{A5266142-EC59-43EF-A4A1-E5C8BBDD84BF}.Release|Any CPU.ActiveCfg = Release|Any CPU
		{A5266142-EC59-43EF-A4A1-E5C8BBDD84BF}.Release|Any CPU.Build.0 = Release|Any CPU
		{A5266142-EC59-43EF-A4A1-E5C8BBDD84BF}.Release|x64.ActiveCfg = Release|x64
		{A5266142-EC59-43EF-A4A1-E5C8BBDD84BF}.Release|x64.Build.0 = Release|x64
		{A5266142-EC59-43EF-A4A1-E5C8BBDD84BF}.Release|x86.ActiveCfg = Release|x86
		{A5266142-EC59-43EF-A4A1-E5C8BBDD84BF}.Release|x86.Build.0 = Release|x86
		{204E886B-B63A-4678-B5CF-643CD2866FE0}.Debug|Any CPU.ActiveCfg = Debug|Any CPU
		{204E886B-B63A-4678-B5CF-643CD2866FE0}.Debug|Any CPU.Build.0 = Debug|Any CPU
		{204E886B-B63A-4678-B5CF-643CD2866FE0}.Debug|x64.ActiveCfg = Debug|x64
		{204E886B-B63A-4678-B5CF-643CD2866FE0}.Debug|x64.Build.0 = Debug|x64
		{204E886B-B63A-4678-B5CF-643CD2866FE0}.Debug|x86.ActiveCfg = Debug|x86
		{204E886B-B63A-4678-B5CF-643CD2866FE0}.Debug|x86.Build.0 = Debug|x86
		{204E886B-B63A-4678-B5CF-643CD2866FE0}.Release|Any CPU.ActiveCfg = Release|Any CPU
		{204E886B-B63A-4678-B5CF-643CD2866FE0}.Release|Any CPU.Build.0 = Release|Any CPU
		{204E886B-B63A-4678-B5CF-643CD2866FE0}.Release|x64.ActiveCfg = Release|x64
		{204E886B-B63A-4678-B5CF-643CD2866FE0}.Release|x64.Build.0 = Release|x64
		{204E886B-B63A-4678-B5CF-643CD2866FE0}.Release|x86.ActiveCfg = Release|x86
		{204E886B-B63A-4678-B5CF-643CD2866FE0}.Release|x86.Build.0 = Release|x86
		{9AB91101-283D-4726-9D1D-6A47C0EC5899}.Debug|Any CPU.ActiveCfg = Debug|Any CPU
		{9AB91101-283D-4726-9D1D-6A47C0EC5899}.Debug|Any CPU.Build.0 = Debug|Any CPU
		{9AB91101-283D-4726-9D1D-6A47C0EC5899}.Debug|x64.ActiveCfg = Debug|x64
		{9AB91101-283D-4726-9D1D-6A47C0EC5899}.Debug|x64.Build.0 = Debug|x64
		{9AB91101-283D-4726-9D1D-6A47C0EC5899}.Debug|x86.ActiveCfg = Debug|x86
		{9AB91101-283D-4726-9D1D-6A47C0EC5899}.Debug|x86.Build.0 = Debug|x86
		{9AB91101-283D-4726-9D1D-6A47C0EC5899}.Release|Any CPU.ActiveCfg = Release|Any CPU
		{9AB91101-283D-4726-9D1D-6A47C0EC5899}.Release|Any CPU.Build.0 = Release|Any CPU
		{9AB91101-283D-4726-9D1D-6A47C0EC5899}.Release|x64.ActiveCfg = Release|x64
		{9AB91101-283D-4726-9D1D-6A47C0EC5899}.Release|x64.Build.0 = Release|x64
		{9AB91101-283D-4726-9D1D-6A47C0EC5899}.Release|x86.ActiveCfg = Release|x86
		{9AB91101-283D-4726-9D1D-6A47C0EC5899}.Release|x86.Build.0 = Release|x86
		{CA2F260E-9863-441D-A92B-7DD1A76A24C2}.Debug|Any CPU.ActiveCfg = Debug|Any CPU
		{CA2F260E-9863-441D-A92B-7DD1A76A24C2}.Debug|Any CPU.Build.0 = Debug|Any CPU
		{CA2F260E-9863-441D-A92B-7DD1A76A24C2}.Debug|x64.ActiveCfg = Debug|x64
		{CA2F260E-9863-441D-A92B-7DD1A76A24C2}.Debug|x64.Build.0 = Debug|x64
		{CA2F260E-9863-441D-A92B-7DD1A76A24C2}.Debug|x86.ActiveCfg = Debug|x86
		{CA2F260E-9863-441D-A92B-7DD1A76A24C2}.Debug|x86.Build.0 = Debug|x86
		{CA2F260E-9863-441D-A92B-7DD1A76A24C2}.Release|Any CPU.ActiveCfg = Release|Any CPU
		{CA2F260E-9863-441D-A92B-7DD1A76A24C2}.Release|Any CPU.Build.0 = Release|Any CPU
		{CA2F260E-9863-441D-A92B-7DD1A76A24C2}.Release|x64.ActiveCfg = Release|x64
		{CA2F260E-9863-441D-A92B-7DD1A76A24C2}.Release|x64.Build.0 = Release|x64
		{CA2F260E-9863-441D-A92B-7DD1A76A24C2}.Release|x86.ActiveCfg = Release|x86
		{CA2F260E-9863-441D-A92B-7DD1A76A24C2}.Release|x86.Build.0 = Release|x86
		{6FCF364B-053E-4EF8-ACA8-378FBAF98F4D}.Debug|Any CPU.ActiveCfg = Debug|Any CPU
		{6FCF364B-053E-4EF8-ACA8-378FBAF98F4D}.Debug|Any CPU.Build.0 = Debug|Any CPU
		{6FCF364B-053E-4EF8-ACA8-378FBAF98F4D}.Debug|x64.ActiveCfg = Debug|x64
		{6FCF364B-053E-4EF8-ACA8-378FBAF98F4D}.Debug|x64.Build.0 = Debug|x64
		{6FCF364B-053E-4EF8-ACA8-378FBAF98F4D}.Debug|x86.ActiveCfg = Debug|x86
		{6FCF364B-053E-4EF8-ACA8-378FBAF98F4D}.Debug|x86.Build.0 = Debug|x86
		{6FCF364B-053E-4EF8-ACA8-378FBAF98F4D}.Release|Any CPU.ActiveCfg = Release|Any CPU
		{6FCF364B-053E-4EF8-ACA8-378FBAF98F4D}.Release|Any CPU.Build.0 = Release|Any CPU
		{6FCF364B-053E-4EF8-ACA8-378FBAF98F4D}.Release|x64.ActiveCfg = Release|x64
		{6FCF364B-053E-4EF8-ACA8-378FBAF98F4D}.Release|x64.Build.0 = Release|x64
		{6FCF364B-053E-4EF8-ACA8-378FBAF98F4D}.Release|x86.ActiveCfg = Release|x86
		{6FCF364B-053E-4EF8-ACA8-378FBAF98F4D}.Release|x86.Build.0 = Release|x86
		{70D27DB4-C14E-48DE-96EC-87B933AEE8EB}.Debug|Any CPU.ActiveCfg = Debug|Any CPU
		{70D27DB4-C14E-48DE-96EC-87B933AEE8EB}.Debug|Any CPU.Build.0 = Debug|Any CPU
		{70D27DB4-C14E-48DE-96EC-87B933AEE8EB}.Debug|x64.ActiveCfg = Debug|x64
		{70D27DB4-C14E-48DE-96EC-87B933AEE8EB}.Debug|x64.Build.0 = Debug|x64
		{70D27DB4-C14E-48DE-96EC-87B933AEE8EB}.Debug|x86.ActiveCfg = Debug|x86
		{70D27DB4-C14E-48DE-96EC-87B933AEE8EB}.Debug|x86.Build.0 = Debug|x86
		{70D27DB4-C14E-48DE-96EC-87B933AEE8EB}.Release|Any CPU.ActiveCfg = Release|Any CPU
		{70D27DB4-C14E-48DE-96EC-87B933AEE8EB}.Release|Any CPU.Build.0 = Release|Any CPU
		{70D27DB4-C14E-48DE-96EC-87B933AEE8EB}.Release|x64.ActiveCfg = Release|x64
		{70D27DB4-C14E-48DE-96EC-87B933AEE8EB}.Release|x64.Build.0 = Release|x64
		{70D27DB4-C14E-48DE-96EC-87B933AEE8EB}.Release|x86.ActiveCfg = Release|x86
		{70D27DB4-C14E-48DE-96EC-87B933AEE8EB}.Release|x86.Build.0 = Release|x86
		{D78A4A7E-D27E-46A1-84FD-32DF74084D7A}.Debug|Any CPU.ActiveCfg = Debug|Any CPU
		{D78A4A7E-D27E-46A1-84FD-32DF74084D7A}.Debug|Any CPU.Build.0 = Debug|Any CPU
		{D78A4A7E-D27E-46A1-84FD-32DF74084D7A}.Debug|x64.ActiveCfg = Debug|x64
		{D78A4A7E-D27E-46A1-84FD-32DF74084D7A}.Debug|x64.Build.0 = Debug|x64
		{D78A4A7E-D27E-46A1-84FD-32DF74084D7A}.Debug|x86.ActiveCfg = Debug|x86
		{D78A4A7E-D27E-46A1-84FD-32DF74084D7A}.Debug|x86.Build.0 = Debug|x86
		{D78A4A7E-D27E-46A1-84FD-32DF74084D7A}.Release|Any CPU.ActiveCfg = Release|Any CPU
		{D78A4A7E-D27E-46A1-84FD-32DF74084D7A}.Release|Any CPU.Build.0 = Release|Any CPU
		{D78A4A7E-D27E-46A1-84FD-32DF74084D7A}.Release|x64.ActiveCfg = Release|x64
		{D78A4A7E-D27E-46A1-84FD-32DF74084D7A}.Release|x64.Build.0 = Release|x64
		{D78A4A7E-D27E-46A1-84FD-32DF74084D7A}.Release|x86.ActiveCfg = Release|x86
		{D78A4A7E-D27E-46A1-84FD-32DF74084D7A}.Release|x86.Build.0 = Release|x86
		{F6F68CB3-D713-4550-9FC6-2FD04ABBE057}.Debug|Any CPU.ActiveCfg = Debug|Any CPU
		{F6F68CB3-D713-4550-9FC6-2FD04ABBE057}.Debug|Any CPU.Build.0 = Debug|Any CPU
		{F6F68CB3-D713-4550-9FC6-2FD04ABBE057}.Debug|x64.ActiveCfg = Debug|x64
		{F6F68CB3-D713-4550-9FC6-2FD04ABBE057}.Debug|x64.Build.0 = Debug|x64
		{F6F68CB3-D713-4550-9FC6-2FD04ABBE057}.Debug|x86.ActiveCfg = Debug|x86
		{F6F68CB3-D713-4550-9FC6-2FD04ABBE057}.Debug|x86.Build.0 = Debug|x86
		{F6F68CB3-D713-4550-9FC6-2FD04ABBE057}.Release|Any CPU.ActiveCfg = Release|Any CPU
		{F6F68CB3-D713-4550-9FC6-2FD04ABBE057}.Release|Any CPU.Build.0 = Release|Any CPU
		{F6F68CB3-D713-4550-9FC6-2FD04ABBE057}.Release|x64.ActiveCfg = Release|x64
		{F6F68CB3-D713-4550-9FC6-2FD04ABBE057}.Release|x64.Build.0 = Release|x64
		{F6F68CB3-D713-4550-9FC6-2FD04ABBE057}.Release|x86.ActiveCfg = Release|x86
		{F6F68CB3-D713-4550-9FC6-2FD04ABBE057}.Release|x86.Build.0 = Release|x86
		{A647E114-7CC6-4EF4-8A9D-85977BBECBB4}.Debug|Any CPU.ActiveCfg = Debug|Any CPU
		{A647E114-7CC6-4EF4-8A9D-85977BBECBB4}.Debug|Any CPU.Build.0 = Debug|Any CPU
		{A647E114-7CC6-4EF4-8A9D-85977BBECBB4}.Debug|x64.ActiveCfg = Debug|x64
		{A647E114-7CC6-4EF4-8A9D-85977BBECBB4}.Debug|x64.Build.0 = Debug|x64
		{A647E114-7CC6-4EF4-8A9D-85977BBECBB4}.Debug|x86.ActiveCfg = Debug|x86
		{A647E114-7CC6-4EF4-8A9D-85977BBECBB4}.Debug|x86.Build.0 = Debug|x86
		{A647E114-7CC6-4EF4-8A9D-85977BBECBB4}.Release|Any CPU.ActiveCfg = Release|Any CPU
		{A647E114-7CC6-4EF4-8A9D-85977BBECBB4}.Release|Any CPU.Build.0 = Release|Any CPU
		{A647E114-7CC6-4EF4-8A9D-85977BBECBB4}.Release|x64.ActiveCfg = Release|x64
		{A647E114-7CC6-4EF4-8A9D-85977BBECBB4}.Release|x64.Build.0 = Release|x64
		{A647E114-7CC6-4EF4-8A9D-85977BBECBB4}.Release|x86.ActiveCfg = Release|x86
		{A647E114-7CC6-4EF4-8A9D-85977BBECBB4}.Release|x86.Build.0 = Release|x86
	EndGlobalSection
	GlobalSection(SolutionProperties) = preSolution
		HideSolutionNode = FALSE
	EndGlobalSection
	GlobalSection(NestedProjects) = preSolution
		{CA2F260E-9863-441D-A92B-7DD1A76A24C2} = {78A0CA8F-9FD0-406A-9491-CCE77E5A4DC0}
		{6FCF364B-053E-4EF8-ACA8-378FBAF98F4D} = {78A0CA8F-9FD0-406A-9491-CCE77E5A4DC0}
	EndGlobalSection
EndGlobal
