
Microsoft Visual Studio Solution File, Format Version 12.00
# Visual Studio 15
VisualStudioVersion = 15.0.26206.0
MinimumVisualStudioVersion = 10.0.40219.1
Project("{9A19103F-16F7-4668-BE54-9A1E7A4F7556}") = "DotNetLive.AccountWeb", "DotNetLive.AccountWeb\DotNetLive.AccountWeb.csproj", "{AA29585C-C63F-48D3-9ECA-0DCA3A95D273}"
EndProject
Project("{9A19103F-16F7-4668-BE54-9A1E7A4F7556}") = "DotNetLive.Framework", "..\..\..\dotnetlive.framework\src\DotNetLive.Framework\DotNetLive.Framework.csproj", "{D6FE8793-6E2A-4551-9BF8-0FD7E162534A}"
EndProject
Project("{9A19103F-16F7-4668-BE54-9A1E7A4F7556}") = "DotNetLive.Framework.WebApiClient", "..\..\..\dotnetlive.framework\src\DotNetLive.Framework.WebApiClient\DotNetLive.Framework.WebApiClient.csproj", "{F7C04177-5F0D-42C4-AF0B-510B7256D1F8}"
EndProject
Project("{9A19103F-16F7-4668-BE54-9A1E7A4F7556}") = "DotNetLive.Framework.Web", "..\..\..\dotnetlive.framework\src\DotNetLive.Framework.Web\DotNetLive.Framework.Web.csproj", "{731DE2D4-B839-40FF-9361-35515462EC27}"
EndProject
Project("{9A19103F-16F7-4668-BE54-9A1E7A4F7556}") = "DotNetLive.Framework.Mvc", "..\..\..\dotnetlive.framework\src\DotNetLive.Framework.Mvc\DotNetLive.Framework.Mvc.csproj", "{6F7AE5EB-B241-4C54-9B1C-F6BAF1B06FD7}"
EndProject
Global
	GlobalSection(SolutionConfigurationPlatforms) = preSolution
		Debug|Any CPU = Debug|Any CPU
		Debug|x64 = Debug|x64
		Debug|x86 = Debug|x86
		Release|Any CPU = Release|Any CPU
		Release|x64 = Release|x64
		Release|x86 = Release|x86
	EndGlobalSection
	GlobalSection(ProjectConfigurationPlatforms) = postSolution
		{AA29585C-C63F-48D3-9ECA-0DCA3A95D273}.Debug|Any CPU.ActiveCfg = Debug|Any CPU
		{AA29585C-C63F-48D3-9ECA-0DCA3A95D273}.Debug|Any CPU.Build.0 = Debug|Any CPU
		{AA29585C-C63F-48D3-9ECA-0DCA3A95D273}.Debug|x64.ActiveCfg = Debug|x64
		{AA29585C-C63F-48D3-9ECA-0DCA3A95D273}.Debug|x64.Build.0 = Debug|x64
		{AA29585C-C63F-48D3-9ECA-0DCA3A95D273}.Debug|x86.ActiveCfg = Debug|x86
		{AA29585C-C63F-48D3-9ECA-0DCA3A95D273}.Debug|x86.Build.0 = Debug|x86
		{AA29585C-C63F-48D3-9ECA-0DCA3A95D273}.Release|Any CPU.ActiveCfg = Release|Any CPU
		{AA29585C-C63F-48D3-9ECA-0DCA3A95D273}.Release|Any CPU.Build.0 = Release|Any CPU
		{AA29585C-C63F-48D3-9ECA-0DCA3A95D273}.Release|x64.ActiveCfg = Release|x64
		{AA29585C-C63F-48D3-9ECA-0DCA3A95D273}.Release|x64.Build.0 = Release|x64
		{AA29585C-C63F-48D3-9ECA-0DCA3A95D273}.Release|x86.ActiveCfg = Release|x86
		{AA29585C-C63F-48D3-9ECA-0DCA3A95D273}.Release|x86.Build.0 = Release|x86
		{D6FE8793-6E2A-4551-9BF8-0FD7E162534A}.Debug|Any CPU.ActiveCfg = Debug|Any CPU
		{D6FE8793-6E2A-4551-9BF8-0FD7E162534A}.Debug|Any CPU.Build.0 = Debug|Any CPU
		{D6FE8793-6E2A-4551-9BF8-0FD7E162534A}.Debug|x64.ActiveCfg = Debug|x64
		{D6FE8793-6E2A-4551-9BF8-0FD7E162534A}.Debug|x64.Build.0 = Debug|x64
		{D6FE8793-6E2A-4551-9BF8-0FD7E162534A}.Debug|x86.ActiveCfg = Debug|x86
		{D6FE8793-6E2A-4551-9BF8-0FD7E162534A}.Debug|x86.Build.0 = Debug|x86
		{D6FE8793-6E2A-4551-9BF8-0FD7E162534A}.Release|Any CPU.ActiveCfg = Release|Any CPU
		{D6FE8793-6E2A-4551-9BF8-0FD7E162534A}.Release|Any CPU.Build.0 = Release|Any CPU
		{D6FE8793-6E2A-4551-9BF8-0FD7E162534A}.Release|x64.ActiveCfg = Release|x64
		{D6FE8793-6E2A-4551-9BF8-0FD7E162534A}.Release|x64.Build.0 = Release|x64
		{D6FE8793-6E2A-4551-9BF8-0FD7E162534A}.Release|x86.ActiveCfg = Release|x86
		{D6FE8793-6E2A-4551-9BF8-0FD7E162534A}.Release|x86.Build.0 = Release|x86
		{F7C04177-5F0D-42C4-AF0B-510B7256D1F8}.Debug|Any CPU.ActiveCfg = Debug|Any CPU
		{F7C04177-5F0D-42C4-AF0B-510B7256D1F8}.Debug|Any CPU.Build.0 = Debug|Any CPU
		{F7C04177-5F0D-42C4-AF0B-510B7256D1F8}.Debug|x64.ActiveCfg = Debug|x64
		{F7C04177-5F0D-42C4-AF0B-510B7256D1F8}.Debug|x64.Build.0 = Debug|x64
		{F7C04177-5F0D-42C4-AF0B-510B7256D1F8}.Debug|x86.ActiveCfg = Debug|x86
		{F7C04177-5F0D-42C4-AF0B-510B7256D1F8}.Debug|x86.Build.0 = Debug|x86
		{F7C04177-5F0D-42C4-AF0B-510B7256D1F8}.Release|Any CPU.ActiveCfg = Release|Any CPU
		{F7C04177-5F0D-42C4-AF0B-510B7256D1F8}.Release|Any CPU.Build.0 = Release|Any CPU
		{F7C04177-5F0D-42C4-AF0B-510B7256D1F8}.Release|x64.ActiveCfg = Release|x64
		{F7C04177-5F0D-42C4-AF0B-510B7256D1F8}.Release|x64.Build.0 = Release|x64
		{F7C04177-5F0D-42C4-AF0B-510B7256D1F8}.Release|x86.ActiveCfg = Release|x86
		{F7C04177-5F0D-42C4-AF0B-510B7256D1F8}.Release|x86.Build.0 = Release|x86
		{731DE2D4-B839-40FF-9361-35515462EC27}.Debug|Any CPU.ActiveCfg = Debug|Any CPU
		{731DE2D4-B839-40FF-9361-35515462EC27}.Debug|Any CPU.Build.0 = Debug|Any CPU
		{731DE2D4-B839-40FF-9361-35515462EC27}.Debug|x64.ActiveCfg = Debug|x64
		{731DE2D4-B839-40FF-9361-35515462EC27}.Debug|x64.Build.0 = Debug|x64
		{731DE2D4-B839-40FF-9361-35515462EC27}.Debug|x86.ActiveCfg = Debug|x86
		{731DE2D4-B839-40FF-9361-35515462EC27}.Debug|x86.Build.0 = Debug|x86
		{731DE2D4-B839-40FF-9361-35515462EC27}.Release|Any CPU.ActiveCfg = Release|Any CPU
		{731DE2D4-B839-40FF-9361-35515462EC27}.Release|Any CPU.Build.0 = Release|Any CPU
		{731DE2D4-B839-40FF-9361-35515462EC27}.Release|x64.ActiveCfg = Release|x64
		{731DE2D4-B839-40FF-9361-35515462EC27}.Release|x64.Build.0 = Release|x64
		{731DE2D4-B839-40FF-9361-35515462EC27}.Release|x86.ActiveCfg = Release|x86
		{731DE2D4-B839-40FF-9361-35515462EC27}.Release|x86.Build.0 = Release|x86
		{6F7AE5EB-B241-4C54-9B1C-F6BAF1B06FD7}.Debug|Any CPU.ActiveCfg = Debug|Any CPU
		{6F7AE5EB-B241-4C54-9B1C-F6BAF1B06FD7}.Debug|Any CPU.Build.0 = Debug|Any CPU
		{6F7AE5EB-B241-4C54-9B1C-F6BAF1B06FD7}.Debug|x64.ActiveCfg = Debug|x64
		{6F7AE5EB-B241-4C54-9B1C-F6BAF1B06FD7}.Debug|x64.Build.0 = Debug|x64
		{6F7AE5EB-B241-4C54-9B1C-F6BAF1B06FD7}.Debug|x86.ActiveCfg = Debug|x86
		{6F7AE5EB-B241-4C54-9B1C-F6BAF1B06FD7}.Debug|x86.Build.0 = Debug|x86
		{6F7AE5EB-B241-4C54-9B1C-F6BAF1B06FD7}.Release|Any CPU.ActiveCfg = Release|Any CPU
		{6F7AE5EB-B241-4C54-9B1C-F6BAF1B06FD7}.Release|Any CPU.Build.0 = Release|Any CPU
		{6F7AE5EB-B241-4C54-9B1C-F6BAF1B06FD7}.Release|x64.ActiveCfg = Release|x64
		{6F7AE5EB-B241-4C54-9B1C-F6BAF1B06FD7}.Release|x64.Build.0 = Release|x64
		{6F7AE5EB-B241-4C54-9B1C-F6BAF1B06FD7}.Release|x86.ActiveCfg = Release|x86
		{6F7AE5EB-B241-4C54-9B1C-F6BAF1B06FD7}.Release|x86.Build.0 = Release|x86
	EndGlobalSection
	GlobalSection(SolutionProperties) = preSolution
		HideSolutionNode = FALSE
	EndGlobalSection
EndGlobal
